
Microsoft Visual Studio Solution File, Format Version 12.00
# Visual Studio 15
VisualStudioVersion = 15.0.28307.168
MinimumVisualStudioVersion = 10.0.40219.1
Project("{FAE04EC0-301F-11D3-BF4B-00C04F79EFBC}") = "TrabalhoES2", "TrabalhoES2\TrabalhoES2.csproj", "{806B9B4E-F568-4BDF-AE8A-9CE06C5A8EA6}"
EndProject
Global
	GlobalSection(SolutionConfigurationPlatforms) = preSolution
		Debug|Any CPU = Debug|Any CPU
		Release|Any CPU = Release|Any CPU
	EndGlobalSection
	GlobalSection(ProjectConfigurationPlatforms) = postSolution
		{806B9B4E-F568-4BDF-AE8A-9CE06C5A8EA6}.Debug|Any CPU.ActiveCfg = Debug|Any CPU
		{806B9B4E-F568-4BDF-AE8A-9CE06C5A8EA6}.Debug|Any CPU.Build.0 = Debug|Any CPU
		{806B9B4E-F568-4BDF-AE8A-9CE06C5A8EA6}.Release|Any CPU.ActiveCfg = Release|Any CPU
		{806B9B4E-F568-4BDF-AE8A-9CE06C5A8EA6}.Release|Any CPU.Build.0 = Release|Any CPU
	EndGlobalSection
	GlobalSection(SolutionProperties) = preSolution
		HideSolutionNode = FALSE
	EndGlobalSection
	GlobalSection(ExtensibilityGlobals) = postSolution
		SolutionGuid = {02F38E10-9D9E-4465-8D70-74A829C3FDBF}
	EndGlobalSection
EndGlobal
